
Microsoft Visual Studio Solution File, Format Version 12.00
# Visual Studio Version 16
VisualStudioVersion = 16.0.30621.155
MinimumVisualStudioVersion = 10.0.40219.1
Project("{FAE04EC0-301F-11D3-BF4B-00C04F79EFBC}") = "CodeFirst", "CodeFirst\CodeFirst.csproj", "{BE35D739-6CCC-4A4C-9E78-F7E861425E1E}"
EndProject
Global
	GlobalSection(SolutionConfigurationPlatforms) = preSolution
		Debug|Any CPU = Debug|Any CPU
		Release|Any CPU = Release|Any CPU
	EndGlobalSection
	GlobalSection(ProjectConfigurationPlatforms) = postSolution
		{BE35D739-6CCC-4A4C-9E78-F7E861425E1E}.Debug|Any CPU.ActiveCfg = Debug|Any CPU
		{BE35D739-6CCC-4A4C-9E78-F7E861425E1E}.Debug|Any CPU.Build.0 = Debug|Any CPU
		{BE35D739-6CCC-4A4C-9E78-F7E861425E1E}.Release|Any CPU.ActiveCfg = Release|Any CPU
		{BE35D739-6CCC-4A4C-9E78-F7E861425E1E}.Release|Any CPU.Build.0 = Release|Any CPU
	EndGlobalSection
	GlobalSection(SolutionProperties) = preSolution
		HideSolutionNode = FALSE
	EndGlobalSection
	GlobalSection(ExtensibilityGlobals) = postSolution
		SolutionGuid = {8479F8EF-0850-4BF6-BE3B-A072CC50EC9C}
	EndGlobalSection
EndGlobal
